Microsoft Visual Studio Solution File, Format Version 11.00
# Visual Studio 2008

Project("{4C0CE215-C958-FDDB-B81A-CB2B8B985A89}") = "TrabalhoAmbientes", "Assembly-CSharp.csproj", "{21DB753F-0980-DE3C-2417-5123526E624E}"
EndProject
Global
	GlobalSection(SolutionConfigurationPlatforms) = preSolution
		Debug|Any CPU = Debug|Any CPU
		Release|Any CPU = Release|Any CPU
	EndGlobalSection
	GlobalSection(ProjectConfigurationPlatforms) = postSolution
		{21DB753F-0980-DE3C-2417-5123526E624E}.Debug|Any CPU.ActiveCfg = Debug|Any CPU
		{21DB753F-0980-DE3C-2417-5123526E624E}.Debug|Any CPU.Build.0 = Debug|Any CPU
		{21DB753F-0980-DE3C-2417-5123526E624E}.Release|Any CPU.ActiveCfg = Release|Any CPU
		{21DB753F-0980-DE3C-2417-5123526E624E}.Release|Any CPU.Build.0 = Release|Any CPU
	EndGlobalSection
	GlobalSection(SolutionProperties) = preSolution
		HideSolutionNode = FALSE
	EndGlobalSection
	GlobalSection(MonoDevelopProperties) = preSolution
		StartupItem = Assembly-CSharp.csproj
	EndGlobalSection
EndGlobal
